// !$*UTF8*$!
{
	archiveVersion = 1;
	classes = {
	};
	objectVersion = 56;
	objects = {

/* Begin PBXBuildFile section */
		8614FAE82AFB2C4F00B5E112 /* BroccoliApp.swift in Sources */ = {isa = PBXBuildFile; fileRef = 8614FAE72AFB2C4F00B5E112 /* BroccoliApp.swift */; };
		8614FAEA2AFB2C4F00B5E112 /* MainScreen.swift in Sources */ = {isa = PBXBuildFile; fileRef = 8614FAE92AFB2C4F00B5E112 /* MainScreen.swift */; };
		8614FAEC2AFB2C5000B5E112 /* Assets.xcassets in Resources */ = {isa = PBXBuildFile; fileRef = 8614FAEB2AFB2C5000B5E112 /* Assets.xcassets */; };
		8614FAEF2AFB2C5000B5E112 /* Preview Assets.xcassets in Resources */ = {isa = PBXBuildFile; fileRef = 8614FAEE2AFB2C5000B5E112 /* Preview Assets.xcassets */; };
		8614FB032AFB2C5100B5E112 /* BroccoliUITests.swift in Sources */ = {isa = PBXBuildFile; fileRef = 8614FB022AFB2C5100B5E112 /* BroccoliUITests.swift */; };
		8614FB122AFB2D1900B5E112 /* SignUpView.swift in Sources */ = {isa = PBXBuildFile; fileRef = 8614FB112AFB2D1900B5E112 /* SignUpView.swift */; };
		8614FB162AFB32F000B5E112 /* ShapeStyleExtension.swift in Sources */ = {isa = PBXBuildFile; fileRef = 8614FB152AFB32F000B5E112 /* ShapeStyleExtension.swift */; };
		8614FB182AFC911600B5E112 /* StringExtension.swift in Sources */ = {isa = PBXBuildFile; fileRef = 8614FB172AFC911600B5E112 /* StringExtension.swift */; };
		8614FB1A2AFC91C300B5E112 /* StringTests.swift in Sources */ = {isa = PBXBuildFile; fileRef = 8614FB192AFC91C300B5E112 /* StringTests.swift */; };
		86A6EA0F2AFDA5F40099CA55 /* RequestInviteValidator.swift in Sources */ = {isa = PBXBuildFile; fileRef = 86A6EA0E2AFDA5F40099CA55 /* RequestInviteValidator.swift */; };
		86A6EA112AFDA84A0099CA55 /* RequestInviteValidatorTests.swift in Sources */ = {isa = PBXBuildFile; fileRef = 86A6EA102AFDA84A0099CA55 /* RequestInviteValidatorTests.swift */; };
		86A6EA132AFDAF1D0099CA55 /* ViewExtension.swift in Sources */ = {isa = PBXBuildFile; fileRef = 86A6EA122AFDAF1D0099CA55 /* ViewExtension.swift */; };
		86A6EA182AFDB8FD0099CA55 /* Loadable.swift in Sources */ = {isa = PBXBuildFile; fileRef = 86A6EA172AFDB8FD0099CA55 /* Loadable.swift */; };
		86A6EA1B2AFDBB9E0099CA55 /* Response.swift in Sources */ = {isa = PBXBuildFile; fileRef = 86A6EA1A2AFDBB9E0099CA55 /* Response.swift */; };
		86A6EA1F2AFDC20F0099CA55 /* Registration.swift in Sources */ = {isa = PBXBuildFile; fileRef = 86A6EA1E2AFDC20F0099CA55 /* Registration.swift */; };
		86A6EA212AFDC2610099CA55 /* Person.swift in Sources */ = {isa = PBXBuildFile; fileRef = 86A6EA202AFDC2610099CA55 /* Person.swift */; };
/* End PBXBuildFile section */

/* Begin PBXContainerItemProxy section */
		8614FAF52AFB2C5100B5E112 /* PBXContainerItemProxy */ = {
			isa = PBXContainerItemProxy;
			containerPortal = 8614FADC2AFB2C4F00B5E112 /* Project object */;
			proxyType = 1;
			remoteGlobalIDString = 8614FAE32AFB2C4F00B5E112;
			remoteInfo = Broccoli;
		};
		8614FAFF2AFB2C5100B5E112 /* PBXContainerItemProxy */ = {
			isa = PBXContainerItemProxy;
			containerPortal = 8614FADC2AFB2C4F00B5E112 /* Project object */;
			proxyType = 1;
			remoteGlobalIDString = 8614FAE32AFB2C4F00B5E112;
			remoteInfo = Broccoli;
		};
/* End PBXContainerItemProxy section */

/* Begin PBXFileReference section */
		8614FAE42AFB2C4F00B5E112 /* Broccoli.app */ = {isa = PBXFileReference; explicitFileType = wrapper.application; includeInIndex = 0; path = Broccoli.app; sourceTree = BUILT_PRODUCTS_DIR; };
		8614FAE72AFB2C4F00B5E112 /* BroccoliApp.swift */ = {isa = PBXFileReference; lastKnownFileType = sourcecode.swift; path = BroccoliApp.swift; sourceTree = "<group>"; };
		8614FAE92AFB2C4F00B5E112 /* MainScreen.swift */ = {isa = PBXFileReference; lastKnownFileType = sourcecode.swift; path = MainScreen.swift; sourceTree = "<group>"; };
		8614FAEB2AFB2C5000B5E112 /* Assets.xcassets */ = {isa = PBXFileReference; lastKnownFileType = folder.assetcatalog; path = Assets.xcassets; sourceTree = "<group>"; };
		8614FAEE2AFB2C5000B5E112 /* Preview Assets.xcassets */ = {isa = PBXFileReference; lastKnownFileType = folder.assetcatalog; path = "Preview Assets.xcassets"; sourceTree = "<group>"; };
		8614FAF42AFB2C5100B5E112 /* BroccoliTests.xctest */ = {isa = PBXFileReference; explicitFileType = wrapper.cfbundle; includeInIndex = 0; path = BroccoliTests.xctest; sourceTree = BUILT_PRODUCTS_DIR; };
		8614FAFE2AFB2C5100B5E112 /* BroccoliUITests.xctest */ = {isa = PBXFileReference; explicitFileType = wrapper.cfbundle; includeInIndex = 0; path = BroccoliUITests.xctest; sourceTree = BUILT_PRODUCTS_DIR; };
		8614FB022AFB2C5100B5E112 /* BroccoliUITests.swift */ = {isa = PBXFileReference; lastKnownFileType = sourcecode.swift; path = BroccoliUITests.swift; sourceTree = "<group>"; };
		8614FB112AFB2D1900B5E112 /* SignUpView.swift */ = {isa = PBXFileReference; lastKnownFileType = sourcecode.swift; path = SignUpView.swift; sourceTree = "<group>"; };
		8614FB152AFB32F000B5E112 /* ShapeStyleExtension.swift */ = {isa = PBXFileReference; lastKnownFileType = sourcecode.swift; path = ShapeStyleExtension.swift; sourceTree = "<group>"; };
		8614FB172AFC911600B5E112 /* StringExtension.swift */ = {isa = PBXFileReference; lastKnownFileType = sourcecode.swift; path = StringExtension.swift; sourceTree = "<group>"; };
		8614FB192AFC91C300B5E112 /* StringTests.swift */ = {isa = PBXFileReference; lastKnownFileType = sourcecode.swift; path = StringTests.swift; sourceTree = "<group>"; };
		86A6EA0E2AFDA5F40099CA55 /* RequestInviteValidator.swift */ = {isa = PBXFileReference; lastKnownFileType = sourcecode.swift; path = RequestInviteValidator.swift; sourceTree = "<group>"; };
		86A6EA102AFDA84A0099CA55 /* RequestInviteValidatorTests.swift */ = {isa = PBXFileReference; lastKnownFileType = sourcecode.swift; path = RequestInviteValidatorTests.swift; sourceTree = "<group>"; };
		86A6EA122AFDAF1D0099CA55 /* ViewExtension.swift */ = {isa = PBXFileReference; lastKnownFileType = sourcecode.swift; path = ViewExtension.swift; sourceTree = "<group>"; };
		86A6EA152AFDB3060099CA55 /* swiftui-programmatic-views.md */ = {isa = PBXFileReference; lastKnownFileType = net.daringfireball.markdown; path = "swiftui-programmatic-views.md"; sourceTree = "<group>"; };
		86A6EA172AFDB8FD0099CA55 /* Loadable.swift */ = {isa = PBXFileReference; lastKnownFileType = sourcecode.swift; path = Loadable.swift; sourceTree = "<group>"; };
		86A6EA1A2AFDBB9E0099CA55 /* Response.swift */ = {isa = PBXFileReference; lastKnownFileType = sourcecode.swift; path = Response.swift; sourceTree = "<group>"; };
		86A6EA1E2AFDC20F0099CA55 /* Registration.swift */ = {isa = PBXFileReference; lastKnownFileType = sourcecode.swift; path = Registration.swift; sourceTree = "<group>"; };
		86A6EA202AFDC2610099CA55 /* Person.swift */ = {isa = PBXFileReference; lastKnownFileType = sourcecode.swift; path = Person.swift; sourceTree = "<group>"; };
/* End PBXFileReference section */

/* Begin PBXFrameworksBuildPhase section */
		8614FAE12AFB2C4F00B5E112 /* Frameworks */ = {
			isa = PBXFrameworksBuildPhase;
			buildActionMask = 2147483647;
			files = (
			);
			runOnlyForDeploymentPostprocessing = 0;
		};
		8614FAF12AFB2C5100B5E112 /* Frameworks */ = {
			isa = PBXFrameworksBuildPhase;
			buildActionMask = 2147483647;
			files = (
			);
			runOnlyForDeploymentPostprocessing = 0;
		};
		8614FAFB2AFB2C5100B5E112 /* Frameworks */ = {
			isa = PBXFrameworksBuildPhase;
			buildActionMask = 2147483647;
			files = (
			);
			runOnlyForDeploymentPostprocessing = 0;
		};
/* End PBXFrameworksBuildPhase section */

/* Begin PBXGroup section */
		8614FADB2AFB2C4F00B5E112 = {
			isa = PBXGroup;
			children = (
				8614FAE62AFB2C4F00B5E112 /* Broccoli */,
				8614FAF72AFB2C5100B5E112 /* BroccoliTests */,
				8614FB012AFB2C5100B5E112 /* BroccoliUITests */,
				8614FAE52AFB2C4F00B5E112 /* Products */,
			);
			sourceTree = "<group>";
		};
		8614FAE52AFB2C4F00B5E112 /* Products */ = {
			isa = PBXGroup;
			children = (
				8614FAE42AFB2C4F00B5E112 /* Broccoli.app */,
				8614FAF42AFB2C5100B5E112 /* BroccoliTests.xctest */,
				8614FAFE2AFB2C5100B5E112 /* BroccoliUITests.xctest */,
			);
			name = Products;
			sourceTree = "<group>";
		};
		8614FAE62AFB2C4F00B5E112 /* Broccoli */ = {
			isa = PBXGroup;
			children = (
				86A6EA1D2AFDC1E80099CA55 /* Protocols */,
				86A6EA192AFDBB7E0099CA55 /* Models */,
				86A6EA142AFDB2E80099CA55 /* Architecture Decisions */,
				86A6EA0D2AFDA5DE0099CA55 /* Services */,
				86A6EA162AFDB8DE0099CA55 /* Enums */,
				8614FB142AFB32CD00B5E112 /* Extensions */,
				8614FB132AFB32C700B5E112 /* Views */,
				8614FAE72AFB2C4F00B5E112 /* BroccoliApp.swift */,
				8614FAEB2AFB2C5000B5E112 /* Assets.xcassets */,
				8614FAED2AFB2C5000B5E112 /* Preview Content */,
			);
			path = Broccoli;
			sourceTree = "<group>";
		};
		8614FAED2AFB2C5000B5E112 /* Preview Content */ = {
			isa = PBXGroup;
			children = (
				8614FAEE2AFB2C5000B5E112 /* Preview Assets.xcassets */,
			);
			path = "Preview Content";
			sourceTree = "<group>";
		};
		8614FAF72AFB2C5100B5E112 /* BroccoliTests */ = {
			isa = PBXGroup;
			children = (
				8614FB192AFC91C300B5E112 /* StringTests.swift */,
				86A6EA102AFDA84A0099CA55 /* RequestInviteValidatorTests.swift */,
			);
			path = BroccoliTests;
			sourceTree = "<group>";
		};
		8614FB012AFB2C5100B5E112 /* BroccoliUITests */ = {
			isa = PBXGroup;
			children = (
				8614FB022AFB2C5100B5E112 /* BroccoliUITests.swift */,
			);
			path = BroccoliUITests;
			sourceTree = "<group>";
		};
		8614FB132AFB32C700B5E112 /* Views */ = {
			isa = PBXGroup;
			children = (
				8614FB112AFB2D1900B5E112 /* SignUpView.swift */,
				8614FAE92AFB2C4F00B5E112 /* MainScreen.swift */,
			);
			path = Views;
			sourceTree = "<group>";
		};
		8614FB142AFB32CD00B5E112 /* Extensions */ = {
			isa = PBXGroup;
			children = (
				8614FB152AFB32F000B5E112 /* ShapeStyleExtension.swift */,
				8614FB172AFC911600B5E112 /* StringExtension.swift */,
				86A6EA122AFDAF1D0099CA55 /* ViewExtension.swift */,
			);
			path = Extensions;
			sourceTree = "<group>";
		};
		86A6EA0D2AFDA5DE0099CA55 /* Services */ = {
			isa = PBXGroup;
			children = (
				86A6EA0E2AFDA5F40099CA55 /* RequestInviteValidator.swift */,
			);
			path = Services;
			sourceTree = "<group>";
		};
		86A6EA142AFDB2E80099CA55 /* Architecture Decisions */ = {
			isa = PBXGroup;
			children = (
				86A6EA152AFDB3060099CA55 /* swiftui-programmatic-views.md */,
			);
			path = "Architecture Decisions";
			sourceTree = "<group>";
		};
		86A6EA162AFDB8DE0099CA55 /* Enums */ = {
			isa = PBXGroup;
			children = (
				86A6EA172AFDB8FD0099CA55 /* Loadable.swift */,
			);
			path = Enums;
			sourceTree = "<group>";
		};
		86A6EA192AFDBB7E0099CA55 /* Models */ = {
			isa = PBXGroup;
			children = (
				86A6EA1A2AFDBB9E0099CA55 /* Response.swift */,
				86A6EA202AFDC2610099CA55 /* Person.swift */,
			);
			path = Models;
			sourceTree = "<group>";
		};
		86A6EA1D2AFDC1E80099CA55 /* Protocols */ = {
			isa = PBXGroup;
			children = (
				86A6EA1E2AFDC20F0099CA55 /* Registration.swift */,
			);
			path = Protocols;
			sourceTree = "<group>";
		};
/* End PBXGroup section */

/* Begin PBXNativeTarget section */
		8614FAE32AFB2C4F00B5E112 /* Broccoli */ = {
			isa = PBXNativeTarget;
			buildConfigurationList = 8614FB082AFB2C5100B5E112 /* Build configuration list for PBXNativeTarget "Broccoli" */;
			buildPhases = (
				8614FAE02AFB2C4F00B5E112 /* Sources */,
				8614FAE12AFB2C4F00B5E112 /* Frameworks */,
				8614FAE22AFB2C4F00B5E112 /* Resources */,
			);
			buildRules = (
			);
			dependencies = (
			);
			name = Broccoli;
			productName = Broccoli;
			productReference = 8614FAE42AFB2C4F00B5E112 /* Broccoli.app */;
			productType = "com.apple.product-type.application";
		};
		8614FAF32AFB2C5100B5E112 /* BroccoliTests */ = {
			isa = PBXNativeTarget;
			buildConfigurationList = 8614FB0B2AFB2C5100B5E112 /* Build configuration list for PBXNativeTarget "BroccoliTests" */;
			buildPhases = (
				8614FAF02AFB2C5100B5E112 /* Sources */,
				8614FAF12AFB2C5100B5E112 /* Frameworks */,
				8614FAF22AFB2C5100B5E112 /* Resources */,
			);
			buildRules = (
			);
			dependencies = (
				8614FAF62AFB2C5100B5E112 /* PBXTargetDependency */,
			);
			name = BroccoliTests;
			productName = BroccoliTests;
			productReference = 8614FAF42AFB2C5100B5E112 /* BroccoliTests.xctest */;
			productType = "com.apple.product-type.bundle.unit-test";
		};
		8614FAFD2AFB2C5100B5E112 /* BroccoliUITests */ = {
			isa = PBXNativeTarget;
			buildConfigurationList = 8614FB0E2AFB2C5100B5E112 /* Build configuration list for PBXNativeTarget "BroccoliUITests" */;
			buildPhases = (
				8614FAFA2AFB2C5100B5E112 /* Sources */,
				8614FAFB2AFB2C5100B5E112 /* Frameworks */,
				8614FAFC2AFB2C5100B5E112 /* Resources */,
			);
			buildRules = (
			);
			dependencies = (
				8614FB002AFB2C5100B5E112 /* PBXTargetDependency */,
			);
			name = BroccoliUITests;
			productName = BroccoliUITests;
			productReference = 8614FAFE2AFB2C5100B5E112 /* BroccoliUITests.xctest */;
			productType = "com.apple.product-type.bundle.ui-testing";
		};
/* End PBXNativeTarget section */

/* Begin PBXProject section */
		8614FADC2AFB2C4F00B5E112 /* Project object */ = {
			isa = PBXProject;
			attributes = {
				BuildIndependentTargetsInParallel = 1;
				LastSwiftUpdateCheck = 1430;
				LastUpgradeCheck = 1430;
				TargetAttributes = {
					8614FAE32AFB2C4F00B5E112 = {
						CreatedOnToolsVersion = 14.3.1;
					};
					8614FAF32AFB2C5100B5E112 = {
						CreatedOnToolsVersion = 14.3.1;
						TestTargetID = 8614FAE32AFB2C4F00B5E112;
					};
					8614FAFD2AFB2C5100B5E112 = {
						CreatedOnToolsVersion = 14.3.1;
						TestTargetID = 8614FAE32AFB2C4F00B5E112;
					};
				};
			};
			buildConfigurationList = 8614FADF2AFB2C4F00B5E112 /* Build configuration list for PBXProject "Broccoli" */;
			compatibilityVersion = "Xcode 14.0";
			developmentRegion = en;
			hasScannedForEncodings = 0;
			knownRegions = (
				en,
				Base,
			);
			mainGroup = 8614FADB2AFB2C4F00B5E112;
			productRefGroup = 8614FAE52AFB2C4F00B5E112 /* Products */;
			projectDirPath = "";
			projectRoot = "";
			targets = (
				8614FAE32AFB2C4F00B5E112 /* Broccoli */,
				8614FAF32AFB2C5100B5E112 /* BroccoliTests */,
				8614FAFD2AFB2C5100B5E112 /* BroccoliUITests */,
			);
		};
/* End PBXProject section */

/* Begin PBXResourcesBuildPhase section */
		8614FAE22AFB2C4F00B5E112 /* Resources */ = {
			isa = PBXResourcesBuildPhase;
			buildActionMask = 2147483647;
			files = (
				8614FAEF2AFB2C5000B5E112 /* Preview Assets.xcassets in Resources */,
				8614FAEC2AFB2C5000B5E112 /* Assets.xcassets in Resources */,
			);
			runOnlyForDeploymentPostprocessing = 0;
		};
		8614FAF22AFB2C5100B5E112 /* Resources */ = {
			isa = PBXResourcesBuildPhase;
			buildActionMask = 2147483647;
			files = (
			);
			runOnlyForDeploymentPostprocessing = 0;
		};
		8614FAFC2AFB2C5100B5E112 /* Resources */ = {
			isa = PBXResourcesBuildPhase;
			buildActionMask = 2147483647;
			files = (
			);
			runOnlyForDeploymentPostprocessing = 0;
		};
/* End PBXResourcesBuildPhase section */

/* Begin PBXSourcesBuildPhase section */
		8614FAE02AFB2C4F00B5E112 /* Sources */ = {
			isa = PBXSourcesBuildPhase;
			buildActionMask = 2147483647;
			files = (
				8614FAEA2AFB2C4F00B5E112 /* MainScreen.swift in Sources */,
				8614FB122AFB2D1900B5E112 /* SignUpView.swift in Sources */,
				8614FB182AFC911600B5E112 /* StringExtension.swift in Sources */,
				86A6EA132AFDAF1D0099CA55 /* ViewExtension.swift in Sources */,
				86A6EA212AFDC2610099CA55 /* Person.swift in Sources */,
				86A6EA1B2AFDBB9E0099CA55 /* Response.swift in Sources */,
				8614FAE82AFB2C4F00B5E112 /* BroccoliApp.swift in Sources */,
				86A6EA182AFDB8FD0099CA55 /* Loadable.swift in Sources */,
				86A6EA0F2AFDA5F40099CA55 /* RequestInviteValidator.swift in Sources */,
				86A6EA1F2AFDC20F0099CA55 /* Registration.swift in Sources */,
				8614FB162AFB32F000B5E112 /* ShapeStyleExtension.swift in Sources */,
			);
			runOnlyForDeploymentPostprocessing = 0;
		};
		8614FAF02AFB2C5100B5E112 /* Sources */ = {
			isa = PBXSourcesBuildPhase;
			buildActionMask = 2147483647;
			files = (
				8614FB1A2AFC91C300B5E112 /* StringTests.swift in Sources */,
				86A6EA112AFDA84A0099CA55 /* RequestInviteValidatorTests.swift in Sources */,
			);
			runOnlyForDeploymentPostprocessing = 0;
		};
		8614FAFA2AFB2C5100B5E112 /* Sources */ = {
			isa = PBXSourcesBuildPhase;
			buildActionMask = 2147483647;
			files = (
				8614FB032AFB2C5100B5E112 /* BroccoliUITests.swift in Sources */,
			);
			runOnlyForDeploymentPostprocessing = 0;
		};
/* End PBXSourcesBuildPhase section */

/* Begin PBXTargetDependency section */
		8614FAF62AFB2C5100B5E112 /* PBXTargetDependency */ = {
			isa = PBXTargetDependency;
			target = 8614FAE32AFB2C4F00B5E112 /* Broccoli */;
			targetProxy = 8614FAF52AFB2C5100B5E112 /* PBXContainerItemProxy */;
		};
		8614FB002AFB2C5100B5E112 /* PBXTargetDependency */ = {
			isa = PBXTargetDependency;
			target = 8614FAE32AFB2C4F00B5E112 /* Broccoli */;
			targetProxy = 8614FAFF2AFB2C5100B5E112 /* PBXContainerItemProxy */;
		};
/* End PBXTargetDependency section */

/* Begin XCBuildConfiguration section */
		8614FB062AFB2C5100B5E112 /* Debug */ = {
			isa = XCBuildConfiguration;
			buildSettings = {
				ALWAYS_SEARCH_USER_PATHS = NO;
				CLANG_ANALYZER_NONNULL = YES;
				CLANG_ANALYZER_NUMBER_OBJECT_CONVERSION = YES_AGGRESSIVE;
				CLANG_CXX_LANGUAGE_STANDARD = "gnu++20";
				CLANG_ENABLE_MODULES = YES;
				CLANG_ENABLE_OBJC_ARC = YES;
				CLANG_ENABLE_OBJC_WEAK = YES;
				CLANG_WARN_BLOCK_CAPTURE_AUTORELEASING = YES;
				CLANG_WARN_BOOL_CONVERSION = YES;
				CLANG_WARN_COMMA = YES;
				CLANG_WARN_CONSTANT_CONVERSION = YES;
				CLANG_WARN_DEPRECATED_OBJC_IMPLEMENTATIONS = YES;
				CLANG_WARN_DIRECT_OBJC_ISA_USAGE = YES_ERROR;
				CLANG_WARN_DOCUMENTATION_COMMENTS = YES;
				CLANG_WARN_EMPTY_BODY = YES;
				CLANG_WARN_ENUM_CONVERSION = YES;
				CLANG_WARN_INFINITE_RECURSION = YES;
				CLANG_WARN_INT_CONVERSION = YES;
				CLANG_WARN_NON_LITERAL_NULL_CONVERSION = YES;
				CLANG_WARN_OBJC_IMPLICIT_RETAIN_SELF = YES;
				CLANG_WARN_OBJC_LITERAL_CONVERSION = YES;
				CLANG_WARN_OBJC_ROOT_CLASS = YES_ERROR;
				CLANG_WARN_QUOTED_INCLUDE_IN_FRAMEWORK_HEADER = YES;
				CLANG_WARN_RANGE_LOOP_ANALYSIS = YES;
				CLANG_WARN_STRICT_PROTOTYPES = YES;
				CLANG_WARN_SUSPICIOUS_MOVE = YES;
				CLANG_WARN_UNGUARDED_AVAILABILITY = YES_AGGRESSIVE;
				CLANG_WARN_UNREACHABLE_CODE = YES;
				CLANG_WARN__DUPLICATE_METHOD_MATCH = YES;
				COPY_PHASE_STRIP = NO;
				DEBUG_INFORMATION_FORMAT = dwarf;
				ENABLE_STRICT_OBJC_MSGSEND = YES;
				ENABLE_TESTABILITY = YES;
				GCC_C_LANGUAGE_STANDARD = gnu11;
				GCC_DYNAMIC_NO_PIC = NO;
				GCC_NO_COMMON_BLOCKS = YES;
				GCC_OPTIMIZATION_LEVEL = 0;
				GCC_PREPROCESSOR_DEFINITIONS = (
					"DEBUG=1",
					"$(inherited)",
				);
				GCC_WARN_64_TO_32_BIT_CONVERSION = YES;
				GCC_WARN_ABOUT_RETURN_TYPE = YES_ERROR;
				GCC_WARN_UNDECLARED_SELECTOR = YES;
				GCC_WARN_UNINITIALIZED_AUTOS = YES_AGGRESSIVE;
				GCC_WARN_UNUSED_FUNCTION = YES;
				GCC_WARN_UNUSED_VARIABLE = YES;
				IPHONEOS_DEPLOYMENT_TARGET = 16.4;
				MTL_ENABLE_DEBUG_INFO = INCLUDE_SOURCE;
				MTL_FAST_MATH = YES;
				ONLY_ACTIVE_ARCH = YES;
				SDKROOT = iphoneos;
				SWIFT_ACTIVE_COMPILATION_CONDITIONS = DEBUG;
				SWIFT_OPTIMIZATION_LEVEL = "-Onone";
			};
			name = Debug;
		};
		8614FB072AFB2C5100B5E112 /* Release */ = {
			isa = XCBuildConfiguration;
			buildSettings = {
				ALWAYS_SEARCH_USER_PATHS = NO;
				CLANG_ANALYZER_NONNULL = YES;
				CLANG_ANALYZER_NUMBER_OBJECT_CONVERSION = YES_AGGRESSIVE;
				CLANG_CXX_LANGUAGE_STANDARD = "gnu++20";
				CLANG_ENABLE_MODULES = YES;
				CLANG_ENABLE_OBJC_ARC = YES;
				CLANG_ENABLE_OBJC_WEAK = YES;
				CLANG_WARN_BLOCK_CAPTURE_AUTORELEASING = YES;
				CLANG_WARN_BOOL_CONVERSION = YES;
				CLANG_WARN_COMMA = YES;
				CLANG_WARN_CONSTANT_CONVERSION = YES;
				CLANG_WARN_DEPRECATED_OBJC_IMPLEMENTATIONS = YES;
				CLANG_WARN_DIRECT_OBJC_ISA_USAGE = YES_ERROR;
				CLANG_WARN_DOCUMENTATION_COMMENTS = YES;
				CLANG_WARN_EMPTY_BODY = YES;
				CLANG_WARN_ENUM_CONVERSION = YES;
				CLANG_WARN_INFINITE_RECURSION = YES;
				CLANG_WARN_INT_CONVERSION = YES;
				CLANG_WARN_NON_LITERAL_NULL_CONVERSION = YES;
				CLANG_WARN_OBJC_IMPLICIT_RETAIN_SELF = YES;
				CLANG_WARN_OBJC_LITERAL_CONVERSION = YES;
				CLANG_WARN_OBJC_ROOT_CLASS = YES_ERROR;
				CLANG_WARN_QUOTED_INCLUDE_IN_FRAMEWORK_HEADER = YES;
				CLANG_WARN_RANGE_LOOP_ANALYSIS = YES;
				CLANG_WARN_STRICT_PROTOTYPES = YES;
				CLANG_WARN_SUSPICIOUS_MOVE = YES;
				CLANG_WARN_UNGUARDED_AVAILABILITY = YES_AGGRESSIVE;
				CLANG_WARN_UNREACHABLE_CODE = YES;
				CLANG_WARN__DUPLICATE_METHOD_MATCH = YES;
				COPY_PHASE_STRIP = NO;
				DEBUG_INFORMATION_FORMAT = "dwarf-with-dsym";
				ENABLE_NS_ASSERTIONS = NO;
				ENABLE_STRICT_OBJC_MSGSEND = YES;
				GCC_C_LANGUAGE_STANDARD = gnu11;
				GCC_NO_COMMON_BLOCKS = YES;
				GCC_WARN_64_TO_32_BIT_CONVERSION = YES;
				GCC_WARN_ABOUT_RETURN_TYPE = YES_ERROR;
				GCC_WARN_UNDECLARED_SELECTOR = YES;
				GCC_WARN_UNINITIALIZED_AUTOS = YES_AGGRESSIVE;
				GCC_WARN_UNUSED_FUNCTION = YES;
				GCC_WARN_UNUSED_VARIABLE = YES;
				IPHONEOS_DEPLOYMENT_TARGET = 16.4;
				MTL_ENABLE_DEBUG_INFO = NO;
				MTL_FAST_MATH = YES;
				SDKROOT = iphoneos;
				SWIFT_COMPILATION_MODE = wholemodule;
				SWIFT_OPTIMIZATION_LEVEL = "-O";
				VALIDATE_PRODUCT = YES;
			};
			name = Release;
		};
		8614FB092AFB2C5100B5E112 /* Debug */ = {
			isa = XCBuildConfiguration;
			buildSettings = {
				ASSETCATALOG_COMPILER_APPICON_NAME = AppIcon;
				ASSETCATALOG_COMPILER_GLOBAL_ACCENT_COLOR_NAME = AccentColor;
				CODE_SIGN_STYLE = Automatic;
				CURRENT_PROJECT_VERSION = 1;
				DEVELOPMENT_ASSET_PATHS = "\"Broccoli/Preview Content\"";
				DEVELOPMENT_TEAM = YXBASSSJRB;
				ENABLE_PREVIEWS = YES;
				GENERATE_INFOPLIST_FILE = YES;
				INFOPLIST_KEY_UIApplicationSceneManifest_Generation = YES;
				INFOPLIST_KEY_UIApplicationSupportsIndirectInputEvents = YES;
				INFOPLIST_KEY_UILaunchScreen_Generation = YES;
				INFOPLIST_KEY_UISupportedInterfaceOrientations_iPad = "UIInterfaceOrientationPortrait UIInterfaceOrientationPortraitUpsideDown UIInterfaceOrientationLandscapeLeft UIInterfaceOrientationLandscapeRight";
				INFOPLIST_KEY_UISupportedInterfaceOrientations_iPhone = "UIInterfaceOrientationPortrait UIInterfaceOrientationLandscapeLeft UIInterfaceOrientationLandscapeRight";
				IPHONEOS_DEPLOYMENT_TARGET = 16.0;
				LD_RUNPATH_SEARCH_PATHS = (
					"$(inherited)",
					"@executable_path/Frameworks",
				);
				MARKETING_VERSION = 1.0;
				PRODUCT_BUNDLE_IDENTIFIER = com.jasonreborn.Broccoli;
				PRODUCT_NAME = "$(TARGET_NAME)";
				SWIFT_EMIT_LOC_STRINGS = YES;
				SWIFT_VERSION = 5.0;
				TARGETED_DEVICE_FAMILY = "1,2";
			};
			name = Debug;
		};
		8614FB0A2AFB2C5100B5E112 /* Release */ = {
			isa = XCBuildConfiguration;
			buildSettings = {
				ASSETCATALOG_COMPILER_APPICON_NAME = AppIcon;
				ASSETCATALOG_COMPILER_GLOBAL_ACCENT_COLOR_NAME = AccentColor;
				CODE_SIGN_STYLE = Automatic;
				CURRENT_PROJECT_VERSION = 1;
				DEVELOPMENT_ASSET_PATHS = "\"Broccoli/Preview Content\"";
				DEVELOPMENT_TEAM = YXBASSSJRB;
				ENABLE_PREVIEWS = YES;
				GENERATE_INFOPLIST_FILE = YES;
				INFOPLIST_KEY_UIApplicationSceneManifest_Generation = YES;
				INFOPLIST_KEY_UIApplicationSupportsIndirectInputEvents = YES;
				INFOPLIST_KEY_UILaunchScreen_Generation = YES;
				INFOPLIST_KEY_UISupportedInterfaceOrientations_iPad = "UIInterfaceOrientationPortrait UIInterfaceOrientationPortraitUpsideDown UIInterfaceOrientationLandscapeLeft UIInterfaceOrientationLandscapeRight";
				INFOPLIST_KEY_UISupportedInterfaceOrientations_iPhone = "UIInterfaceOrientationPortrait UIInterfaceOrientationLandscapeLeft UIInterfaceOrientationLandscapeRight";
				IPHONEOS_DEPLOYMENT_TARGET = 16.0;
				LD_RUNPATH_SEARCH_PATHS = (
					"$(inherited)",
					"@executable_path/Frameworks",
				);
				MARKETING_VERSION = 1.0;
				PRODUCT_BUNDLE_IDENTIFIER = com.jasonreborn.Broccoli;
				PRODUCT_NAME = "$(TARGET_NAME)";
				SWIFT_EMIT_LOC_STRINGS = YES;
				SWIFT_VERSION = 5.0;
				TARGETED_DEVICE_FAMILY = "1,2";
			};
			name = Release;
		};
		8614FB0C2AFB2C5100B5E112 /* Debug */ = {
			isa = XCBuildConfiguration;
			buildSettings = {
				ALWAYS_EMBED_SWIFT_STANDARD_LIBRARIES = YES;
				BUNDLE_LOADER = "$(TEST_HOST)";
				CODE_SIGN_STYLE = Automatic;
				CURRENT_PROJECT_VERSION = 1;
				DEVELOPMENT_TEAM = YXBASSSJRB;
				GENERATE_INFOPLIST_FILE = YES;
				IPHONEOS_DEPLOYMENT_TARGET = 16.0;
				MARKETING_VERSION = 1.0;
				PRODUCT_BUNDLE_IDENTIFIER = com.jasonreborn.BroccoliTests;
				PRODUCT_NAME = "$(TARGET_NAME)";
				SWIFT_EMIT_LOC_STRINGS = NO;
				SWIFT_VERSION = 5.0;
				TARGETED_DEVICE_FAMILY = "1,2";
				TEST_HOST = "$(BUILT_PRODUCTS_DIR)/Broccoli.app/$(BUNDLE_EXECUTABLE_FOLDER_PATH)/Broccoli";
			};
			name = Debug;
		};
		8614FB0D2AFB2C5100B5E112 /* Release */ = {
			isa = XCBuildConfiguration;
			buildSettings = {
				ALWAYS_EMBED_SWIFT_STANDARD_LIBRARIES = YES;
				BUNDLE_LOADER = "$(TEST_HOST)";
				CODE_SIGN_STYLE = Automatic;
				CURRENT_PROJECT_VERSION = 1;
				DEVELOPMENT_TEAM = YXBASSSJRB;
				GENERATE_INFOPLIST_FILE = YES;
				IPHONEOS_DEPLOYMENT_TARGET = 16.0;
				MARKETING_VERSION = 1.0;
				PRODUCT_BUNDLE_IDENTIFIER = com.jasonreborn.BroccoliTests;
				PRODUCT_NAME = "$(TARGET_NAME)";
				SWIFT_EMIT_LOC_STRINGS = NO;
				SWIFT_VERSION = 5.0;
				TARGETED_DEVICE_FAMILY = "1,2";
				TEST_HOST = "$(BUILT_PRODUCTS_DIR)/Broccoli.app/$(BUNDLE_EXECUTABLE_FOLDER_PATH)/Broccoli";
			};
			name = Release;
		};
		8614FB0F2AFB2C5100B5E112 /* Debug */ = {
			isa = XCBuildConfiguration;
			buildSettings = {
				ALWAYS_EMBED_SWIFT_STANDARD_LIBRARIES = YES;
				CODE_SIGN_STYLE = Automatic;
				CURRENT_PROJECT_VERSION = 1;
				DEVELOPMENT_TEAM = YXBASSSJRB;
				GENERATE_INFOPLIST_FILE = YES;
				IPHONEOS_DEPLOYMENT_TARGET = 16.0;
				MARKETING_VERSION = 1.0;
				PRODUCT_BUNDLE_IDENTIFIER = com.jasonreborn.BroccoliUITests;
				PRODUCT_NAME = "$(TARGET_NAME)";
				SWIFT_EMIT_LOC_STRINGS = NO;
				SWIFT_VERSION = 5.0;
				TARGETED_DEVICE_FAMILY = "1,2";
				TEST_TARGET_NAME = Broccoli;
			};
			name = Debug;
		};
		8614FB102AFB2C5100B5E112 /* Release */ = {
			isa = XCBuildConfiguration;
			buildSettings = {
				ALWAYS_EMBED_SWIFT_STANDARD_LIBRARIES = YES;
				CODE_SIGN_STYLE = Automatic;
				CURRENT_PROJECT_VERSION = 1;
				DEVELOPMENT_TEAM = YXBASSSJRB;
				GENERATE_INFOPLIST_FILE = YES;
				IPHONEOS_DEPLOYMENT_TARGET = 16.0;
				MARKETING_VERSION = 1.0;
				PRODUCT_BUNDLE_IDENTIFIER = com.jasonreborn.BroccoliUITests;
				PRODUCT_NAME = "$(TARGET_NAME)";
				SWIFT_EMIT_LOC_STRINGS = NO;
				SWIFT_VERSION = 5.0;
				TARGETED_DEVICE_FAMILY = "1,2";
				TEST_TARGET_NAME = Broccoli;
			};
			name = Release;
		};
/* End XCBuildConfiguration section */

/* Begin XCConfigurationList section */
		8614FADF2AFB2C4F00B5E112 /* Build configuration list for PBXProject "Broccoli" */ = {
			isa = XCConfigurationList;
			buildConfigurations = (
				8614FB062AFB2C5100B5E112 /* Debug */,
				8614FB072AFB2C5100B5E112 /* Release */,
			);
			defaultConfigurationIsVisible = 0;
			defaultConfigurationName = Release;
		};
		8614FB082AFB2C5100B5E112 /* Build configuration list for PBXNativeTarget "Broccoli" */ = {
			isa = XCConfigurationList;
			buildConfigurations = (
				8614FB092AFB2C5100B5E112 /* Debug */,
				8614FB0A2AFB2C5100B5E112 /* Release */,
			);
			defaultConfigurationIsVisible = 0;
			defaultConfigurationName = Release;
		};
		8614FB0B2AFB2C5100B5E112 /* Build configuration list for PBXNativeTarget "BroccoliTests" */ = {
			isa = XCConfigurationList;
			buildConfigurations = (
				8614FB0C2AFB2C5100B5E112 /* Debug */,
				8614FB0D2AFB2C5100B5E112 /* Release */,
			);
			defaultConfigurationIsVisible = 0;
			defaultConfigurationName = Release;
		};
		8614FB0E2AFB2C5100B5E112 /* Build configuration list for PBXNativeTarget "BroccoliUITests" */ = {
			isa = XCConfigurationList;
			buildConfigurations = (
				8614FB0F2AFB2C5100B5E112 /* Debug */,
				8614FB102AFB2C5100B5E112 /* Release */,
			);
			defaultConfigurationIsVisible = 0;
			defaultConfigurationName = Release;
		};
/* End XCConfigurationList section */
	};
	rootObject = 8614FADC2AFB2C4F00B5E112 /* Project object */;
}
